
Microsoft Visual Studio Solution File, Format Version 12.00
# Visual Studio Version 17
VisualStudioVersion = 17.14.36408.4 d17.14
MinimumVisualStudioVersion = 10.0.40219.1
Project("{FAE04EC0-301F-11D3-BF4B-00C04F79EFBC}") = "Betta.Quickstart_Next", "Betta.Quickstart_Next.csproj", "{8880D137-6E23-F963-240E-B85C9FABE1CC}"
EndProject
Global
	GlobalSection(SolutionConfigurationPlatforms) = preSolution
		Debug|Any CPU = Debug|Any CPU
		Release|Any CPU = Release|Any CPU
	EndGlobalSection
	GlobalSection(ProjectConfigurationPlatforms) = postSolution
		{8880D137-6E23-F963-240E-B85C9FABE1CC}.Debug|Any CPU.ActiveCfg = Debug|Any CPU
		{8880D137-6E23-F963-240E-B85C9FABE1CC}.Debug|Any CPU.Build.0 = Debug|Any CPU
		{8880D137-6E23-F963-240E-B85C9FABE1CC}.Release|Any CPU.ActiveCfg = Release|Any CPU
		{8880D137-6E23-F963-240E-B85C9FABE1CC}.Release|Any CPU.Build.0 = Release|Any CPU
	EndGlobalSection
	GlobalSection(SolutionProperties) = preSolution
		HideSolutionNode = FALSE
	EndGlobalSection
	GlobalSection(ExtensibilityGlobals) = postSolution
		SolutionGuid = {F7F36679-F898-4989-9063-CE24B2432B01}
	EndGlobalSection
EndGlobal
